
Microsoft Visual Studio Solution File, Format Version 12.00
# Visual Studio 2012
Project("{FAE04EC0-301F-11D3-BF4B-00C04F79EFBC}") = "Circles.Core", "Circles.Core\Circles.Core.csproj", "{815B3A47-C6D0-4D5E-B6EE-288C243D3479}"
EndProject
Project("{FAE04EC0-301F-11D3-BF4B-00C04F79EFBC}") = "Circles.Droid", "Circles.Droid\Circles.Droid.csproj", "{688DC24B-7949-480F-9BAE-258406AC3555}"
EndProject
Project("{FAE04EC0-301F-11D3-BF4B-00C04F79EFBC}") = "Circles.iOS", "Circles.iOS\Circles.iOS.csproj", "{DE48196A-7F26-44B2-A40C-3AA5BA1D0F58}"
EndProject
Global
	GlobalSection(SolutionConfigurationPlatforms) = preSolution
		Debug|Any CPU = Debug|Any CPU
		Release|Any CPU = Release|Any CPU
		Debug|iPhoneSimulator = Debug|iPhoneSimulator
		Release|iPhoneSimulator = Release|iPhoneSimulator
		Debug|iPhone = Debug|iPhone
		Release|iPhone = Release|iPhone
		Ad-Hoc|iPhone = Ad-Hoc|iPhone
		AppStore|iPhone = AppStore|iPhone
	EndGlobalSection
	GlobalSection(ProjectConfigurationPlatforms) = postSolution
		{688DC24B-7949-480F-9BAE-258406AC3555}.Ad-Hoc|iPhone.ActiveCfg = Debug|Any CPU
		{688DC24B-7949-480F-9BAE-258406AC3555}.Ad-Hoc|iPhone.Build.0 = Debug|Any CPU
		{688DC24B-7949-480F-9BAE-258406AC3555}.AppStore|iPhone.ActiveCfg = Debug|Any CPU
		{688DC24B-7949-480F-9BAE-258406AC3555}.AppStore|iPhone.Build.0 = Debug|Any CPU
		{688DC24B-7949-480F-9BAE-258406AC3555}.Debug|Any CPU.ActiveCfg = Debug|Any CPU
		{688DC24B-7949-480F-9BAE-258406AC3555}.Debug|Any CPU.Build.0 = Debug|Any CPU
		{688DC24B-7949-480F-9BAE-258406AC3555}.Debug|iPhone.ActiveCfg = Debug|Any CPU
		{688DC24B-7949-480F-9BAE-258406AC3555}.Debug|iPhone.Build.0 = Debug|Any CPU
		{688DC24B-7949-480F-9BAE-258406AC3555}.Debug|iPhoneSimulator.ActiveCfg = Debug|Any CPU
		{688DC24B-7949-480F-9BAE-258406AC3555}.Debug|iPhoneSimulator.Build.0 = Debug|Any CPU
		{688DC24B-7949-480F-9BAE-258406AC3555}.Release|Any CPU.ActiveCfg = Release|Any CPU
		{688DC24B-7949-480F-9BAE-258406AC3555}.Release|Any CPU.Build.0 = Release|Any CPU
		{688DC24B-7949-480F-9BAE-258406AC3555}.Release|iPhone.ActiveCfg = Release|Any CPU
		{688DC24B-7949-480F-9BAE-258406AC3555}.Release|iPhone.Build.0 = Release|Any CPU
		{688DC24B-7949-480F-9BAE-258406AC3555}.Release|iPhoneSimulator.ActiveCfg = Release|Any CPU
		{688DC24B-7949-480F-9BAE-258406AC3555}.Release|iPhoneSimulator.Build.0 = Release|Any CPU
		{815B3A47-C6D0-4D5E-B6EE-288C243D3479}.Ad-Hoc|iPhone.ActiveCfg = Debug|Any CPU
		{815B3A47-C6D0-4D5E-B6EE-288C243D3479}.Ad-Hoc|iPhone.Build.0 = Debug|Any CPU
		{815B3A47-C6D0-4D5E-B6EE-288C243D3479}.AppStore|iPhone.ActiveCfg = Debug|Any CPU
		{815B3A47-C6D0-4D5E-B6EE-288C243D3479}.AppStore|iPhone.Build.0 = Debug|Any CPU
		{815B3A47-C6D0-4D5E-B6EE-288C243D3479}.Debug|Any CPU.ActiveCfg = Debug|Any CPU
		{815B3A47-C6D0-4D5E-B6EE-288C243D3479}.Debug|Any CPU.Build.0 = Debug|Any CPU
		{815B3A47-C6D0-4D5E-B6EE-288C243D3479}.Debug|iPhone.ActiveCfg = Debug|Any CPU
		{815B3A47-C6D0-4D5E-B6EE-288C243D3479}.Debug|iPhone.Build.0 = Debug|Any CPU
		{815B3A47-C6D0-4D5E-B6EE-288C243D3479}.Debug|iPhoneSimulator.ActiveCfg = Debug|Any CPU
		{815B3A47-C6D0-4D5E-B6EE-288C243D3479}.Debug|iPhoneSimulator.Build.0 = Debug|Any CPU
		{815B3A47-C6D0-4D5E-B6EE-288C243D3479}.Release|Any CPU.ActiveCfg = Release|Any CPU
		{815B3A47-C6D0-4D5E-B6EE-288C243D3479}.Release|Any CPU.Build.0 = Release|Any CPU
		{815B3A47-C6D0-4D5E-B6EE-288C243D3479}.Release|iPhone.ActiveCfg = Release|Any CPU
		{815B3A47-C6D0-4D5E-B6EE-288C243D3479}.Release|iPhone.Build.0 = Release|Any CPU
		{815B3A47-C6D0-4D5E-B6EE-288C243D3479}.Release|iPhoneSimulator.ActiveCfg = Release|Any CPU
		{815B3A47-C6D0-4D5E-B6EE-288C243D3479}.Release|iPhoneSimulator.Build.0 = Release|Any CPU
		{DE48196A-7F26-44B2-A40C-3AA5BA1D0F58}.Ad-Hoc|iPhone.ActiveCfg = Ad-Hoc|iPhone
		{DE48196A-7F26-44B2-A40C-3AA5BA1D0F58}.Ad-Hoc|iPhone.Build.0 = Ad-Hoc|iPhone
		{DE48196A-7F26-44B2-A40C-3AA5BA1D0F58}.AppStore|iPhone.ActiveCfg = AppStore|iPhone
		{DE48196A-7F26-44B2-A40C-3AA5BA1D0F58}.AppStore|iPhone.Build.0 = AppStore|iPhone
		{DE48196A-7F26-44B2-A40C-3AA5BA1D0F58}.Debug|Any CPU.ActiveCfg = Debug|iPhoneSimulator
		{DE48196A-7F26-44B2-A40C-3AA5BA1D0F58}.Debug|Any CPU.Build.0 = Debug|iPhoneSimulator
		{DE48196A-7F26-44B2-A40C-3AA5BA1D0F58}.Debug|iPhone.ActiveCfg = Debug|iPhone
		{DE48196A-7F26-44B2-A40C-3AA5BA1D0F58}.Debug|iPhone.Build.0 = Debug|iPhone
		{DE48196A-7F26-44B2-A40C-3AA5BA1D0F58}.Debug|iPhoneSimulator.ActiveCfg = Debug|iPhoneSimulator
		{DE48196A-7F26-44B2-A40C-3AA5BA1D0F58}.Debug|iPhoneSimulator.Build.0 = Debug|iPhoneSimulator
		{DE48196A-7F26-44B2-A40C-3AA5BA1D0F58}.Release|Any CPU.ActiveCfg = Release|iPhoneSimulator
		{DE48196A-7F26-44B2-A40C-3AA5BA1D0F58}.Release|Any CPU.Build.0 = Release|iPhoneSimulator
		{DE48196A-7F26-44B2-A40C-3AA5BA1D0F58}.Release|iPhone.ActiveCfg = Release|iPhone
		{DE48196A-7F26-44B2-A40C-3AA5BA1D0F58}.Release|iPhone.Build.0 = Release|iPhone
		{DE48196A-7F26-44B2-A40C-3AA5BA1D0F58}.Release|iPhoneSimulator.ActiveCfg = Release|iPhoneSimulator
		{DE48196A-7F26-44B2-A40C-3AA5BA1D0F58}.Release|iPhoneSimulator.Build.0 = Release|iPhoneSimulator
	EndGlobalSection
	GlobalSection(MonoDevelopProperties) = preSolution
		StartupItem = Circles.iOS\Circles.iOS.csproj
	EndGlobalSection
EndGlobal
